
Microsoft Visual Studio Solution File, Format Version 12.00
# Visual Studio Version 17
VisualStudioVersion = 17.9.34728.123
MinimumVisualStudioVersion = 10.0.40219.1
Project("{FAE04EC0-301F-11D3-BF4B-00C04F79EFBC}") = "AzurePortTest", "AzurePortTest.csproj", "{A546CF41-4FDE-4F30-A8BD-B0669E5A160F}"
EndProject
Global
	GlobalSection(SolutionConfigurationPlatforms) = preSolution
		Debug|Any CPU = Debug|Any CPU
		Release|Any CPU = Release|Any CPU
	EndGlobalSection
	GlobalSection(ProjectConfigurationPlatforms) = postSolution
		{A546CF41-4FDE-4F30-A8BD-B0669E5A160F}.Debug|Any CPU.ActiveCfg = Debug|Any CPU
		{A546CF41-4FDE-4F30-A8BD-B0669E5A160F}.Debug|Any CPU.Build.0 = Debug|Any CPU
		{A546CF41-4FDE-4F30-A8BD-B0669E5A160F}.Release|Any CPU.ActiveCfg = Release|Any CPU
		{A546CF41-4FDE-4F30-A8BD-B0669E5A160F}.Release|Any CPU.Build.0 = Release|Any CPU
	EndGlobalSection
	GlobalSection(SolutionProperties) = preSolution
		HideSolutionNode = FALSE
	EndGlobalSection
	GlobalSection(ExtensibilityGlobals) = postSolution
		SolutionGuid = {81854B4E-F9E0-45CC-9604-A977AF4C3521}
	EndGlobalSection
EndGlobal
